
Microsoft Visual Studio Solution File, Format Version 12.00
# Visual Studio Version 16
VisualStudioVersion = 16.0.30225.117
MinimumVisualStudioVersion = 10.0.40219.1
Project("{FAE04EC0-301F-11D3-BF4B-00C04F79EFBC}") = "Drzavna_matura_Andrej_Paunovic", "Drzavna_matura_Andrej_Paunovic.csproj", "{0C811251-41FF-4E51-AA0B-7384B42F9336}"
EndProject
Global
	GlobalSection(SolutionConfigurationPlatforms) = preSolution
		Debug|Any CPU = Debug|Any CPU
		Release|Any CPU = Release|Any CPU
	EndGlobalSection
	GlobalSection(ProjectConfigurationPlatforms) = postSolution
		{0C811251-41FF-4E51-AA0B-7384B42F9336}.Debug|Any CPU.ActiveCfg = Debug|Any CPU
		{0C811251-41FF-4E51-AA0B-7384B42F9336}.Debug|Any CPU.Build.0 = Debug|Any CPU
		{0C811251-41FF-4E51-AA0B-7384B42F9336}.Release|Any CPU.ActiveCfg = Release|Any CPU
		{0C811251-41FF-4E51-AA0B-7384B42F9336}.Release|Any CPU.Build.0 = Release|Any CPU
	EndGlobalSection
	GlobalSection(SolutionProperties) = preSolution
		HideSolutionNode = FALSE
	EndGlobalSection
	GlobalSection(ExtensibilityGlobals) = postSolution
		SolutionGuid = {AE43ED13-D35F-44AD-92FD-77AD649B6F46}
	EndGlobalSection
EndGlobal
